
Microsoft Visual Studio Solution File, Format Version 12.00
# Visual Studio Version 17
VisualStudioVersion = 17.10.34607.79
MinimumVisualStudioVersion = 10.0.40219.1
Project("{FAE04EC0-301F-11D3-BF4B-00C04F79EFBC}") = "Api", "Api\Api.csproj", "{A1BE2D51-698F-44EC-95F4-00E8AA5AEAD0}"
EndProject
Project("{FAE04EC0-301F-11D3-BF4B-00C04F79EFBC}") = "Domain", "Domain\Domain.csproj", "{80BB215F-9753-427D-B410-6D8B46D5D837}"
EndProject
Project("{FAE04EC0-301F-11D3-BF4B-00C04F79EFBC}") = "Infrastructure", "Infrastructure\Infrastructure.csproj", "{FD203ADF-EAF3-4DF0-B04E-2ECD7708270E}"
EndProject
Global
	GlobalSection(SolutionConfigurationPlatforms) = preSolution
		Debug|Any CPU = Debug|Any CPU
		Release|Any CPU = Release|Any CPU
	EndGlobalSection
	GlobalSection(ProjectConfigurationPlatforms) = postSolution
		{A1BE2D51-698F-44EC-95F4-00E8AA5AEAD0}.Debug|Any CPU.ActiveCfg = Debug|Any CPU
		{A1BE2D51-698F-44EC-95F4-00E8AA5AEAD0}.Debug|Any CPU.Build.0 = Debug|Any CPU
		{A1BE2D51-698F-44EC-95F4-00E8AA5AEAD0}.Release|Any CPU.ActiveCfg = Release|Any CPU
		{A1BE2D51-698F-44EC-95F4-00E8AA5AEAD0}.Release|Any CPU.Build.0 = Release|Any CPU
		{80BB215F-9753-427D-B410-6D8B46D5D837}.Debug|Any CPU.ActiveCfg = Debug|Any CPU
		{80BB215F-9753-427D-B410-6D8B46D5D837}.Debug|Any CPU.Build.0 = Debug|Any CPU
		{80BB215F-9753-427D-B410-6D8B46D5D837}.Release|Any CPU.ActiveCfg = Release|Any CPU
		{80BB215F-9753-427D-B410-6D8B46D5D837}.Release|Any CPU.Build.0 = Release|Any CPU
		{FD203ADF-EAF3-4DF0-B04E-2ECD7708270E}.Debug|Any CPU.ActiveCfg = Debug|Any CPU
		{FD203ADF-EAF3-4DF0-B04E-2ECD7708270E}.Debug|Any CPU.Build.0 = Debug|Any CPU
		{FD203ADF-EAF3-4DF0-B04E-2ECD7708270E}.Release|Any CPU.ActiveCfg = Release|Any CPU
		{FD203ADF-EAF3-4DF0-B04E-2ECD7708270E}.Release|Any CPU.Build.0 = Release|Any CPU
	EndGlobalSection
	GlobalSection(SolutionProperties) = preSolution
		HideSolutionNode = FALSE
	EndGlobalSection
	GlobalSection(ExtensibilityGlobals) = postSolution
		SolutionGuid = {83F0EA7C-86F2-4CEC-9C9B-873C29F98A0B}
	EndGlobalSection
EndGlobal
